{
    "_readme": [
        "This file locks the dependencies of your project to a known state",
        "Read more about it at https://getcomposer.org/doc/01-basic-usage.md#composer-lock-the-lock-file",
        "This file is @generated automatically"
    ],
    "content-hash": "37e634d92ddf2c628f9d962c5f848841",
    "packages": [
        {
            "name": "channelengine/api-client",
            "version": "dev-master",
            "source": {
                "type": "git",
                "url": "https://github.com/channelengine/api-client-php.git",
                "reference": "063843e3c7576a507f7de661bb105ac2a9e57767"
            },
            "dist": {
                "type": "zip",
                "url": "https://api.github.com/repos/channelengine/api-client-php/zipball/063843e3c7576a507f7de661bb105ac2a9e57767",
                "reference": "063843e3c7576a507f7de661bb105ac2a9e57767",
                "shasum": ""
            },
            "require": {
                "ext-curl": "*",
                "ext-json": "*",
                "ext-mbstring": "*",
                "php": ">=5.4"
            },
            "require-dev": {
                "friendsofphp/php-cs-fixer": "~1.12",
                "phpunit/phpunit": "~4.8",
                "satooshi/php-coveralls": "~1.0",
                "squizlabs/php_codesniffer": "~2.6"
            },
            "type": "library",
            "autoload": {
                "psr-4": {
                    "ChannelEngine\\ApiClient\\": "lib/"
                }
            },
            "notification-url": "https://packagist.org/downloads/",
            "license": [
                "proprietary"
            ],
            "authors": [
                {
                    "name": "Swagger and contributors",
                    "homepage": "https://github.com/swagger-api/swagger-codegen"
                }
            ],
            "homepage": "http://swagger.io",
            "keywords": [
                "api",
                "php",
                "sdk",
                "swagger"
            ],
            "time": "2017-04-12 09:44:32"
        }
    ],
    "packages-dev": [],
    "aliases": [],
    "minimum-stability": "stable",
    "stability-flags": {
        "channelengine/api-client": 20
    },
    "prefer-stable": false,
    "prefer-lowest": false,
    "platform": [],
    "platform-dev": []
}
